
Microsoft Visual Studio Solution File, Format Version 12.00
# Visual Studio Version 17
VisualStudioVersion = 17.14.36511.14 d17.14
MinimumVisualStudioVersion = 10.0.40219.1
Project("{FAE04EC0-301F-11D3-BF4B-00C04F79EFBC}") = "abstracty class", "abstracty class.csproj", "{CB8C6815-1440-4AB1-9AAE-5E8ABD1A95D9}"
EndProject
Global
	GlobalSection(SolutionConfigurationPlatforms) = preSolution
		Debug|Any CPU = Debug|Any CPU
		Release|Any CPU = Release|Any CPU
	EndGlobalSection
	GlobalSection(ProjectConfigurationPlatforms) = postSolution
		{CB8C6815-1440-4AB1-9AAE-5E8ABD1A95D9}.Debug|Any CPU.ActiveCfg = Debug|Any CPU
		{CB8C6815-1440-4AB1-9AAE-5E8ABD1A95D9}.Debug|Any CPU.Build.0 = Debug|Any CPU
		{CB8C6815-1440-4AB1-9AAE-5E8ABD1A95D9}.Release|Any CPU.ActiveCfg = Release|Any CPU
		{CB8C6815-1440-4AB1-9AAE-5E8ABD1A95D9}.Release|Any CPU.Build.0 = Release|Any CPU
	EndGlobalSection
	GlobalSection(SolutionProperties) = preSolution
		HideSolutionNode = FALSE
	EndGlobalSection
	GlobalSection(ExtensibilityGlobals) = postSolution
		SolutionGuid = {66069B82-EDDB-45F6-8D4F-CB10DCD42F1D}
	EndGlobalSection
EndGlobal
