
Microsoft Visual Studio Solution File, Format Version 12.00
# Visual Studio Version 17
VisualStudioVersion = 17.14.36511.14 d17.14
MinimumVisualStudioVersion = 10.0.40219.1
Project("{FAE04EC0-301F-11D3-BF4B-00C04F79EFBC}") = "enums", "enums.csproj", "{DFE038C5-FDEC-4B32-A80B-6FB84D7BD3C5}"
EndProject
Global
	GlobalSection(SolutionConfigurationPlatforms) = preSolution
		Debug|Any CPU = Debug|Any CPU
		Release|Any CPU = Release|Any CPU
	EndGlobalSection
	GlobalSection(ProjectConfigurationPlatforms) = postSolution
		{DFE038C5-FDEC-4B32-A80B-6FB84D7BD3C5}.Debug|Any CPU.ActiveCfg = Debug|Any CPU
		{DFE038C5-FDEC-4B32-A80B-6FB84D7BD3C5}.Debug|Any CPU.Build.0 = Debug|Any CPU
		{DFE038C5-FDEC-4B32-A80B-6FB84D7BD3C5}.Release|Any CPU.ActiveCfg = Release|Any CPU
		{DFE038C5-FDEC-4B32-A80B-6FB84D7BD3C5}.Release|Any CPU.Build.0 = Release|Any CPU
	EndGlobalSection
	GlobalSection(SolutionProperties) = preSolution
		HideSolutionNode = FALSE
	EndGlobalSection
	GlobalSection(ExtensibilityGlobals) = postSolution
		SolutionGuid = {70EB1F0B-CADB-4FEC-93B8-120CC5EFB868}
	EndGlobalSection
EndGlobal
