
Microsoft Visual Studio Solution File, Format Version 12.00
# Visual Studio Version 17
VisualStudioVersion = 17.14.36511.14 d17.14
MinimumVisualStudioVersion = 10.0.40219.1
Project("{FAE04EC0-301F-11D3-BF4B-00C04F79EFBC}") = "mycalc", "mycalc.csproj", "{76A9A1AD-8CDA-4166-B00B-FA218E97699C}"
EndProject
Global
	GlobalSection(SolutionConfigurationPlatforms) = preSolution
		Debug|Any CPU = Debug|Any CPU
		Release|Any CPU = Release|Any CPU
	EndGlobalSection
	GlobalSection(ProjectConfigurationPlatforms) = postSolution
		{76A9A1AD-8CDA-4166-B00B-FA218E97699C}.Debug|Any CPU.ActiveCfg = Debug|Any CPU
		{76A9A1AD-8CDA-4166-B00B-FA218E97699C}.Debug|Any CPU.Build.0 = Debug|Any CPU
		{76A9A1AD-8CDA-4166-B00B-FA218E97699C}.Release|Any CPU.ActiveCfg = Release|Any CPU
		{76A9A1AD-8CDA-4166-B00B-FA218E97699C}.Release|Any CPU.Build.0 = Release|Any CPU
	EndGlobalSection
	GlobalSection(SolutionProperties) = preSolution
		HideSolutionNode = FALSE
	EndGlobalSection
	GlobalSection(ExtensibilityGlobals) = postSolution
		SolutionGuid = {8578636D-E169-4271-A07B-A27C625BAA67}
	EndGlobalSection
EndGlobal
