
Microsoft Visual Studio Solution File, Format Version 12.00
# Visual Studio Version 17
VisualStudioVersion = 17.14.36511.14 d17.14
MinimumVisualStudioVersion = 10.0.40219.1
Project("{FAE04EC0-301F-11D3-BF4B-00C04F79EFBC}") = "mycalcaddition", "mycalcaddition.csproj", "{07B928EE-A0A5-4669-88DC-788F04A569F9}"
EndProject
Global
	GlobalSection(SolutionConfigurationPlatforms) = preSolution
		Debug|Any CPU = Debug|Any CPU
		Release|Any CPU = Release|Any CPU
	EndGlobalSection
	GlobalSection(ProjectConfigurationPlatforms) = postSolution
		{07B928EE-A0A5-4669-88DC-788F04A569F9}.Debug|Any CPU.ActiveCfg = Debug|Any CPU
		{07B928EE-A0A5-4669-88DC-788F04A569F9}.Debug|Any CPU.Build.0 = Debug|Any CPU
		{07B928EE-A0A5-4669-88DC-788F04A569F9}.Release|Any CPU.ActiveCfg = Release|Any CPU
		{07B928EE-A0A5-4669-88DC-788F04A569F9}.Release|Any CPU.Build.0 = Release|Any CPU
	EndGlobalSection
	GlobalSection(SolutionProperties) = preSolution
		HideSolutionNode = FALSE
	EndGlobalSection
	GlobalSection(ExtensibilityGlobals) = postSolution
		SolutionGuid = {E0023DF0-816D-4B71-8AEB-B415C2187693}
	EndGlobalSection
EndGlobal
