
Microsoft Visual Studio Solution File, Format Version 12.00
# Visual Studio Version 17
VisualStudioVersion = 17.14.36511.14 d17.14
MinimumVisualStudioVersion = 10.0.40219.1
Project("{FAE04EC0-301F-11D3-BF4B-00C04F79EFBC}") = "weathersimulation", "weathersimulation.csproj", "{11313577-C5FD-41A9-9360-6B0EE09E1366}"
EndProject
Global
	GlobalSection(SolutionConfigurationPlatforms) = preSolution
		Debug|Any CPU = Debug|Any CPU
		Release|Any CPU = Release|Any CPU
	EndGlobalSection
	GlobalSection(ProjectConfigurationPlatforms) = postSolution
		{11313577-C5FD-41A9-9360-6B0EE09E1366}.Debug|Any CPU.ActiveCfg = Debug|Any CPU
		{11313577-C5FD-41A9-9360-6B0EE09E1366}.Debug|Any CPU.Build.0 = Debug|Any CPU
		{11313577-C5FD-41A9-9360-6B0EE09E1366}.Release|Any CPU.ActiveCfg = Release|Any CPU
		{11313577-C5FD-41A9-9360-6B0EE09E1366}.Release|Any CPU.Build.0 = Release|Any CPU
	EndGlobalSection
	GlobalSection(SolutionProperties) = preSolution
		HideSolutionNode = FALSE
	EndGlobalSection
	GlobalSection(ExtensibilityGlobals) = postSolution
		SolutionGuid = {6C83BF09-9904-4995-A0D2-64421EF918B9}
	EndGlobalSection
EndGlobal
