
Microsoft Visual Studio Solution File, Format Version 12.00
# Visual Studio Version 17
VisualStudioVersion = 17.14.36511.14 d17.14
MinimumVisualStudioVersion = 10.0.40219.1
Project("{FAE04EC0-301F-11D3-BF4B-00C04F79EFBC}") = "dependancies", "dependancies.csproj", "{FE03828B-17F3-43A1-8A3B-7D16F54AA4FE}"
EndProject
Global
	GlobalSection(SolutionConfigurationPlatforms) = preSolution
		Debug|Any CPU = Debug|Any CPU
		Release|Any CPU = Release|Any CPU
	EndGlobalSection
	GlobalSection(ProjectConfigurationPlatforms) = postSolution
		{FE03828B-17F3-43A1-8A3B-7D16F54AA4FE}.Debug|Any CPU.ActiveCfg = Debug|Any CPU
		{FE03828B-17F3-43A1-8A3B-7D16F54AA4FE}.Debug|Any CPU.Build.0 = Debug|Any CPU
		{FE03828B-17F3-43A1-8A3B-7D16F54AA4FE}.Release|Any CPU.ActiveCfg = Release|Any CPU
		{FE03828B-17F3-43A1-8A3B-7D16F54AA4FE}.Release|Any CPU.Build.0 = Release|Any CPU
	EndGlobalSection
	GlobalSection(SolutionProperties) = preSolution
		HideSolutionNode = FALSE
	EndGlobalSection
	GlobalSection(ExtensibilityGlobals) = postSolution
		SolutionGuid = {49FB7EE7-CDAB-47AB-85F0-70454D16234C}
	EndGlobalSection
EndGlobal
