
Microsoft Visual Studio Solution File, Format Version 12.00
# Visual Studio Version 17
VisualStudioVersion = 17.14.36511.14 d17.14
MinimumVisualStudioVersion = 10.0.40219.1
Project("{FAE04EC0-301F-11D3-BF4B-00C04F79EFBC}") = "MyquizeApp", "MyquizeApp.csproj", "{23A13BE1-8EF2-460F-A155-0AD33F3A558F}"
EndProject
Global
	GlobalSection(SolutionConfigurationPlatforms) = preSolution
		Debug|Any CPU = Debug|Any CPU
		Release|Any CPU = Release|Any CPU
	EndGlobalSection
	GlobalSection(ProjectConfigurationPlatforms) = postSolution
		{23A13BE1-8EF2-460F-A155-0AD33F3A558F}.Debug|Any CPU.ActiveCfg = Debug|Any CPU
		{23A13BE1-8EF2-460F-A155-0AD33F3A558F}.Debug|Any CPU.Build.0 = Debug|Any CPU
		{23A13BE1-8EF2-460F-A155-0AD33F3A558F}.Release|Any CPU.ActiveCfg = Release|Any CPU
		{23A13BE1-8EF2-460F-A155-0AD33F3A558F}.Release|Any CPU.Build.0 = Release|Any CPU
	EndGlobalSection
	GlobalSection(SolutionProperties) = preSolution
		HideSolutionNode = FALSE
	EndGlobalSection
	GlobalSection(ExtensibilityGlobals) = postSolution
		SolutionGuid = {8CCEE380-80DF-444C-9429-B683D17A8C30}
	EndGlobalSection
EndGlobal
