
Microsoft Visual Studio Solution File, Format Version 12.00
# Visual Studio Version 17
VisualStudioVersion = 17.14.36511.14 d17.14
MinimumVisualStudioVersion = 10.0.40219.1
Project("{FAE04EC0-301F-11D3-BF4B-00C04F79EFBC}") = "DIctionary", "DIctionary.csproj", "{76002B2E-B4D1-414D-9BC3-BD1BF4CC400C}"
EndProject
Global
	GlobalSection(SolutionConfigurationPlatforms) = preSolution
		Debug|Any CPU = Debug|Any CPU
		Release|Any CPU = Release|Any CPU
	EndGlobalSection
	GlobalSection(ProjectConfigurationPlatforms) = postSolution
		{76002B2E-B4D1-414D-9BC3-BD1BF4CC400C}.Debug|Any CPU.ActiveCfg = Debug|Any CPU
		{76002B2E-B4D1-414D-9BC3-BD1BF4CC400C}.Debug|Any CPU.Build.0 = Debug|Any CPU
		{76002B2E-B4D1-414D-9BC3-BD1BF4CC400C}.Release|Any CPU.ActiveCfg = Release|Any CPU
		{76002B2E-B4D1-414D-9BC3-BD1BF4CC400C}.Release|Any CPU.Build.0 = Release|Any CPU
	EndGlobalSection
	GlobalSection(SolutionProperties) = preSolution
		HideSolutionNode = FALSE
	EndGlobalSection
	GlobalSection(ExtensibilityGlobals) = postSolution
		SolutionGuid = {28FE88A8-F709-494B-959C-5212480402F0}
	EndGlobalSection
EndGlobal
